[[package]]
category = "dev"
description = "Atomic file writes."
name = "atomicwrites"
optional = false
python-versions = ">=2.7, !=3.0.*, !=3.1.*, !=3.2.*, !=3.3.*"
version = "1.3.0"

[[package]]
category = "dev"
description = "Classes Without Boilerplate"
name = "attrs"
optional = false
python-versions = "*"
version = "18.2.0"

[[package]]
category = "dev"
description = "Cross-platform colored terminal text."
marker = "sys_platform == \"win32\""
name = "colorama"
optional = false
python-versions = ">=2.7, !=3.0.*, !=3.1.*, !=3.2.*, !=3.3.*"
version = "0.4.1"

[[package]]
category = "main"
description = "Composable style cycles"
name = "cycler"
optional = false
python-versions = "*"
version = "0.10.0"

[package.dependencies]
six = "*"

[[package]]
category = "main"
description = "Simple Python interface for Graphviz"
name = "graphviz"
optional = false
python-versions = ">=2.7,!=3.0.*,!=3.1.*,!=3.2.*,!=3.3.*"
version = "0.10.1"

[[package]]
category = "main"
description = "A fast implementation of the Cassowary constraint solver"
name = "kiwisolver"
optional = false
python-versions = "*"
version = "1.0.1"

[package.dependencies]
setuptools = "*"

[[package]]
category = "main"
description = "Python plotting package"
name = "matplotlib"
optional = false
python-versions = ">=3.5"
version = "3.0.3"

[package.dependencies]
cycler = ">=0.10"
kiwisolver = ">=1.0.1"
numpy = ">=1.10.0"
pyparsing = ">=2.0.1,<2.0.4 || >2.0.4,<2.1.2 || >2.1.2,<2.1.6 || >2.1.6"
python-dateutil = ">=2.1"

[[package]]
category = "dev"
description = "More routines for operating on iterables, beyond itertools"
marker = "python_version > \"2.7\""
name = "more-itertools"
optional = false
python-versions = ">=3.4"
version = "6.0.0"

[[package]]
category = "main"
description = "NumPy is the fundamental package for array computing with Python."
name = "numpy"
optional = false
python-versions = ">=2.7,!=3.0.*,!=3.1.*,!=3.2.*,!=3.3.*"
version = "1.16.2"

[[package]]
category = "main"
description = "Powerful data structures for data analysis, time series, and statistics"
name = "pandas"
optional = false
python-versions = ">=2.7,!=3.0.*,!=3.1.*,!=3.2.*,!=3.3.*,!=3.4.*"
version = "0.23.4"

[package.dependencies]
numpy = ">=1.9.0"
python-dateutil = ">=2.5.0"
pytz = ">=2011k"

[[package]]
category = "dev"
description = "plugin and hook calling mechanisms for python"
name = "pluggy"
optional = false
python-versions = ">=2.7, !=3.0.*, !=3.1.*, !=3.2.*, !=3.3.*"
version = "0.9.0"

[[package]]
category = "dev"
description = "library with cross-python path, ini-parsing, io, code, log facilities"
name = "py"
optional = false
python-versions = ">=2.7, !=3.0.*, !=3.1.*, !=3.2.*, !=3.3.*"
version = "1.8.0"

[[package]]
category = "main"
description = "Python parsing module"
name = "pyparsing"
optional = false
python-versions = "*"
version = "2.3.1"

[[package]]
category = "dev"
description = "pytest: simple powerful testing with Python"
name = "pytest"
optional = false
python-versions = ">=2.7, !=3.0.*, !=3.1.*, !=3.2.*, !=3.3.*"
version = "4.3.0"

[package.dependencies]
atomicwrites = ">=1.0"
attrs = ">=17.4.0"
colorama = "*"
pluggy = ">=0.7"
py = ">=1.5.0"
setuptools = "*"
six = ">=1.10.0"

[package.dependencies.more-itertools]
python = ">2.7"
version = ">=4.0.0"

[[package]]
category = "main"
description = "Extensions to the standard Python datetime module"
name = "python-dateutil"
optional = false
python-versions = ">=2.7, !=3.0.*, !=3.1.*, !=3.2.*"
version = "2.8.0"

[package.dependencies]
six = ">=1.5"

[[package]]
category = "main"
description = "World timezone definitions, modern and historical"
name = "pytz"
optional = false
python-versions = "*"
version = "2018.9"

[[package]]
category = "main"
description = "SciPy: Scientific Library for Python"
name = "scipy"
optional = false
python-versions = ">=2.7,!=3.0.*,!=3.1.*,!=3.2.*,!=3.3.*"
version = "1.2.1"

[package.dependencies]
numpy = ">=1.8.2"

[[package]]
category = "main"
description = "seaborn: statistical data visualization"
name = "seaborn"
optional = false
python-versions = "*"
version = "0.9.0"

[package.dependencies]
matplotlib = ">=1.4.3"
numpy = ">=1.9.3"
pandas = ">=0.15.2"
scipy = ">=0.14.0"

[[package]]
category = "main"
description = "Python 2 and 3 compatibility utilities"
name = "six"
optional = false
python-versions = ">=2.6, !=3.0.*, !=3.1.*"
version = "1.12.0"

[metadata]
content-hash = "2235820f6957508b0d91dd3e3b1952a3a3bbcb2df0f20263e39723bfbe7d0954"
python-versions = "^3.6"

[metadata.hashes]
atomicwrites = ["03472c30eb2c5d1ba9227e4c2ca66ab8287fbfbbda3888aa93dc2e28fc6811b4", "75a9445bac02d8d058d5e1fe689654ba5a6556a1dfd8ce6ec55a0ed79866cfa6"]
attrs = ["10cbf6e27dbce8c30807caf056c8eb50917e0eaafe86347671b57254006c3e69", "ca4be454458f9dec299268d472aaa5a11f67a4ff70093396e1ceae9c76cf4bbb"]
colorama = ["05eed71e2e327246ad6b38c540c4a3117230b19679b875190486ddd2d721422d", "f8ac84de7840f5b9c4e3347b3c1eaa50f7e49c2b07596221daec5edaabbd7c48"]
cycler = ["1d8a5ae1ff6c5cf9b93e8811e581232ad8920aeec647c37316ceac982b08cb2d", "cd7b2d1018258d7247a71425e9f26463dfb444d411c39569972f4ce586b0c9d8"]
graphviz = ["0e1744a45b0d707bc44f99c7b8e5f25dc22cf96b6aaf2432ac308ed9822a9cb6", "d311be4fddfe832a56986ac5e1d6e8715d7fcb0208560da79d1bb0f72abef41f"]
kiwisolver = ["0ee4ed8b3ae8f5f712b0aa9ebd2858b5b232f1b9a96b0943dceb34df2a223bc3", "0f7f532f3c94e99545a29f4c3f05637f4d2713e7fd91b4dd8abfc18340b86cd5", "1a078f5dd7e99317098f0e0d490257fd0349d79363e8c923d5bb76428f318421", "1aa0b55a0eb1bd3fa82e704f44fb8f16e26702af1a073cc5030eea399e617b56", "2874060b91e131ceeff00574b7c2140749c9355817a4ed498e82a4ffa308ecbc", "379d97783ba8d2934d52221c833407f20ca287b36d949b4bba6c75274bcf6363", "3b791ddf2aefc56382aadc26ea5b352e86a2921e4e85c31c1f770f527eb06ce4", "4329008a167fac233e398e8a600d1b91539dc33c5a3eadee84c0d4b04d4494fa", "45813e0873bbb679334a161b28cb9606d9665e70561fd6caa8863e279b5e464b", "53a5b27e6b5717bdc0125338a822605084054c80f382051fb945d2c0e6899a20", "574f24b9805cb1c72d02b9f7749aa0cc0b81aa82571be5201aa1453190390ae5", "66f82819ff47fa67a11540da96966fb9245504b7f496034f534b81cacf333861", "79e5fe3ccd5144ae80777e12973027bd2f4f5e3ae8eb286cabe787bed9780138", "83410258eb886f3456714eea4d4304db3a1fc8624623fc3f38a487ab36c0f653", "8b6a7b596ce1d2a6d93c3562f1178ebd3b7bb445b3b0dd33b09f9255e312a965", "9576cb63897fbfa69df60f994082c3f4b8e6adb49cccb60efb2a80a208e6f996", "95a25d9f3449046ecbe9065be8f8380c03c56081bc5d41fe0fb964aaa30b2195", "a424f048bebc4476620e77f3e4d1f282920cef9bc376ba16d0b8fe97eec87cde", "aaec1cfd94f4f3e9a25e144d5b0ed1eb8a9596ec36d7318a504d813412563a85", "acb673eecbae089ea3be3dcf75bfe45fc8d4dcdc951e27d8691887963cf421c7", "b15bc8d2c2848a4a7c04f76c9b3dc3561e95d4dabc6b4f24bfabe5fd81a0b14f", "b1c240d565e977d80c0083404c01e4d59c5772c977fae2c483f100567f50847b", "c595693de998461bcd49b8d20568c8870b3209b8ea323b2a7b0ea86d85864694", "ce3be5d520b4d2c3e5eeb4cd2ef62b9b9ab8ac6b6fedbaa0e39cdb6f50644278", "e0f910f84b35c36a3513b96d816e6442ae138862257ae18a0019d2fc67b041dc", "ea36e19ac0a483eea239320aef0bd40702404ff8c7e42179a2d9d36c5afcb55c", "efabbcd4f406b532206b8801058c8bab9e79645b9880329253ae3322b7b02cd5", "f923406e6b32c86309261b8195e24e18b6a8801df0cfc7814ac44017bfcb3939"]
matplotlib = ["1ae6549976b6ceb6ee426272a28c0fc9715b3e3669694d560c8f661c5b39e2c5", "4d4250bf508dd07cca3b43888097f873cadb66eec6ac63dbbfb798798ec07af2", "53af2e01d7f1700ed2b64a9091bc865360c9c4032f625451c4589a826854c787", "63e498067d32d627111cd1162cae1621f1221f9d4c6a9745dd7233f29de581b6", "7169a34971e398dd58e87e173f97366fd88a3fa80852704530433eb224a8ca57", "91c54d6bb9eeaaff965656c5ea6cbdcbf780bad8462ac99b30b451548194746f", "aeef177647bb3fccfe09065481989d7dfc5ac59e9367d6a00a3481062cf651e4", "cf8ae10559a78aee0409ede1e9d4fda03895433eeafe609dd9ed67e45f552db0", "d51d0889d1c4d51c51a9822265c0494ea3e70a52bdd88358e0863daca46fa23a", "de5ccd3500247f85fe4f9fad90f80a8bd397e4f110a4c33fabf95f07403e8372", "e1d33589e32f482d0a7d1957bf473d43341115d40d33f578dad44432e47df7b7", "e8d1939262aa6b36d0c51f50a50a43a04b9618d20db31e6c0192b1463067aeef", "e918d51b1fda82a65fdf52d2f3914b2246481cc2a9cd10e223e6be6078916ff3"]
more-itertools = ["0125e8f60e9e031347105eb1682cef932f5e97d7b9a1a28d9bf00c22a5daef40", "590044e3942351a1bdb1de960b739ff4ce277960f2425ad4509446dbace8d9d1"]
numpy = ["1980f8d84548d74921685f68096911585fee393975f53797614b34d4f409b6da", "22752cd809272671b273bb86df0f505f505a12368a3a5fc0aa811c7ece4dfd5c", "23cc40313036cffd5d1873ef3ce2e949bdee0646c5d6f375bf7ee4f368db2511", "2b0b118ff547fecabc247a2668f48f48b3b1f7d63676ebc5be7352a5fd9e85a5", "3a0bd1edf64f6a911427b608a894111f9fcdb25284f724016f34a84c9a3a6ea9", "3f25f6c7b0d000017e5ac55977a3999b0b1a74491eacb3c1aa716f0e01f6dcd1", "4061c79ac2230594a7419151028e808239450e676c39e58302ad296232e3c2e8", "560ceaa24f971ab37dede7ba030fc5d8fa173305d94365f814d9523ffd5d5916", "62be044cd58da2a947b7e7b2252a10b42920df9520fc3d39f5c4c70d5460b8ba", "6c692e3879dde0b67a9dc78f9bfb6f61c666b4562fd8619632d7043fb5b691b0", "6f65e37b5a331df950ef6ff03bd4136b3c0bbcf44d4b8e99135d68a537711b5a", "7a78cc4ddb253a55971115f8320a7ce28fd23a065fc33166d601f51760eecfa9", "80a41edf64a3626e729a62df7dd278474fc1726836552b67a8c6396fd7e86760", "893f4d75255f25a7b8516feb5766c6b63c54780323b9bd4bc51cdd7efc943c73", "972ea92f9c1b54cc1c1a3d8508e326c0114aaf0f34996772a30f3f52b73b942f", "9f1d4865436f794accdabadc57a8395bd3faa755449b4f65b88b7df65ae05f89", "9f4cd7832b35e736b739be03b55875706c8c3e5fe334a06210f1a61e5c2c8ca5", "adab43bf657488300d3aeeb8030d7f024fcc86e3a9b8848741ea2ea903e56610", "bd2834d496ba9b1bdda3a6cf3de4dc0d4a0e7be306335940402ec95132ad063d", "d20c0360940f30003a23c0adae2fe50a0a04f3e48dc05c298493b51fd6280197", "d3b3ed87061d2314ff3659bb73896e622252da52558f2380f12c421fbdee3d89", "dc235bf29a406dfda5790d01b998a1c01d7d37f449128c0b1b7d1c89a84fae8b", "fb3c83554f39f48f3fa3123b9c24aecf681b1c289f9334f8215c1d3c8e2f6e5b"]
pandas = ["11975fad9edbdb55f1a560d96f91830e83e29bed6ad5ebf506abda09818eaf60", "12e13d127ca1b585dd6f6840d3fe3fa6e46c36a6afe2dbc5cb0b57032c902e31", "1c87fcb201e1e06f66e23a61a5fea9eeebfe7204a66d99df24600e3f05168051", "242e9900de758e137304ad4b5663c2eff0d798c2c3b891250bd0bd97144579da", "26c903d0ae1542890cb9abadb4adcb18f356b14c2df46e4ff657ae640e3ac9e7", "2e1e88f9d3e5f107b65b59cd29f141995597b035d17cc5537e58142038942e1a", "31b7a48b344c14691a8e92765d4023f88902ba3e96e2e4d0364d3453cdfd50db", "4fd07a932b4352f8a8973761ab4e84f965bf81cc750fb38e04f01088ab901cb8", "5b24ca47acf69222e82530e89111dd9d14f9b970ab2cd3a1c2c78f0c4fbba4f4", "647b3b916cc8f6aeba240c8171be3ab799c3c1b2ea179a3be0bd2712c4237553", "66b060946046ca27c0e03e9bec9bba3e0b918bafff84c425ca2cc2e157ce121e", "6efa9fa6e1434141df8872d0fa4226fc301b17aacf37429193f9d70b426ea28f", "be4715c9d8367e51dbe6bc6d05e205b1ae234f0dc5465931014aa1c4af44c1ba", "bea90da782d8e945fccfc958585210d23de374fa9294a9481ed2abcef637ebfc", "d318d77ab96f66a59e792a481e2701fba879e1a453aefeebdb17444fe204d1ed", "d785fc08d6f4207437e900ffead930a61e634c5e4f980ba6d3dc03c9581748c7", "de9559287c4fe8da56e8c3878d2374abc19d1ba2b807bfa7553e912a8e5ba87c", "f4f98b190bb918ac0bc0e3dd2ab74ff3573da9f43106f6dba6385406912ec00f", "f71f1a7e2d03758f6e957896ed696254e2bc83110ddbc6942018f1a232dd9dad", "fb944c8f0b0ab5c1f7846c686bc4cdf8cde7224655c12edcd59d5212cd57bec0"]
pluggy = ["19ecf9ce9db2fce065a7a0586e07cfb4ac8614fe96edf628a264b1c70116cf8f", "84d306a647cc805219916e62aab89caa97a33a1dd8c342e87a37f91073cd4746"]
py = ["64f65755aee5b381cea27766a3a147c3f15b9b6b9ac88676de66ba2ae36793fa", "dc639b046a6e2cff5bbe40194ad65936d6ba360b52b3c3fe1d08a82dd50b5e53"]
pyparsing = ["66c9268862641abcac4a96ba74506e594c884e3f57690a696d21ad8210ed667a", "f6c5ef0d7480ad048c054c37632c67fca55299990fff127850181659eea33fc3"]
pytest = ["067a1d4bf827ffdd56ad21bd46674703fce77c5957f6c1eef731f6146bfcef1c", "9687049d53695ad45cf5fdc7bbd51f0c49f1ea3ecfc4b7f3fde7501b541f17f4"]
python-dateutil = ["7e6584c74aeed623791615e26efd690f29817a27c73085b78e4bad02493df2fb", "c89805f6f4d64db21ed966fda138f8a5ed7a4fdbc1a8ee329ce1b74e3c74da9e"]
pytz = ["32b0891edff07e28efe91284ed9c31e123d84bea3fd98e1f72be2508f43ef8d9", "d5f05e487007e29e03409f9398d074e158d920d36eb82eaf66fb1136b0c5374c"]
scipy = ["014cb900c003b5ac81a53f2403294e8ecf37aedc315b59a6b9370dce0aa7627a", "281a34da34a5e0de42d26aed692ab710141cad9d5d218b20643a9cb538ace976", "588f9cc4bfab04c45fbd19c1354b5ade377a8124d6151d511c83730a9b6b2338", "5a10661accd36b6e2e8855addcf3d675d6222006a15795420a39c040362def66", "628f60be272512ca1123524969649a8cb5ae8b31cca349f7c6f8903daf9034d7", "6dcc43a88e25b815c2dea1c6fac7339779fc988f5df8396e1de01610604a7c38", "70e37cec0ac0fe95c85b74ca4e0620169590fd5d3f44765f3c3a532cedb0e5fd", "7274735fb6fb5d67d3789ddec2cd53ed6362539b41aa6cc0d33a06c003aaa390", "78e12972e144da47326958ac40c2bd1c1cca908edc8b01c26a36f9ffd3dce466", "790cbd3c8d09f3a6d9c47c4558841e25bac34eb7a0864a9def8f26be0b8706af", "79792c8fe8e9d06ebc50fe23266522c8c89f20aa94ac8e80472917ecdce1e5ba", "865afedf35aaef6df6344bee0de391ee5e99d6e802950a237f9fb9b13e441f91", "870fd401ec7b64a895cff8e206ee16569158db00254b2f7157b4c9a5db72c722", "963815c226b29b0176d5e3d37fc9de46e2778ce4636a5a7af11a48122ef2577c", "9726791484f08e394af0b59eb80489ad94d0a53bbb58ab1837dcad4d58489863", "9de84a71bb7979aa8c089c4fb0ea0e2ed3917df3fb2a287a41aaea54bbad7f5d", "b2c324ddc5d6dbd3f13680ad16a29425841876a84a1de23a984236d1afff4fa6", "b86ae13c597fca087cb8c193870507c8916cefb21e52e1897da320b5a35075e5", "ba0488d4dbba2af5bf9596b849873102d612e49a118c512d9d302ceafa36e01a", "d78702af4102a3a4e23bb7372cec283e78f32f5573d92091aa6aaba870370fe1", "def0e5d681dd3eb562b059d355ae8bebe27f5cc455ab7c2b6655586b63d3a8ea", "e085d1babcb419bbe58e2e805ac61924dac4ca45a07c9fa081144739e500aa3c", "e2cfcbab37c082a5087aba5ff00209999053260441caadd4f0e8f4c2d6b72088", "e742f1f5dcaf222e8471c37ee3d1fd561568a16bb52e031c25674ff1cf9702d5", "f06819b028b8ef9010281e74c59cb35483933583043091ed6b261bb1540f11cc", "f15f2d60a11c306de7700ee9f65df7e9e463848dbea9c8051e293b704038da60", "f31338ee269d201abe76083a990905473987371ff6f3fdb76a3f9073a361cf37", "f6b88c8d302c3dac8dff7766955e38d670c82e0d79edfc7eae47d6bb2c186594"]
seaborn = ["42e627b24e849c2d3bbfd059e00005f6afbc4a76e4895baf44ae23fe8a4b09a5", "76c83f794ca320fb6b23a7c6192d5e185a5fcf4758966a0c0a54baee46d41e2f"]
six = ["3350809f0555b11f552448330d0b52d5f24c91a322ea4a15ef22629740f3761c", "d16a0141ec1a18405cd4ce8b4613101da75da0e9a7aec5bdd4fa804d0e0eba73"]
